
Microsoft Visual Studio Solution File, Format Version 12.00
# Visual Studio Version 17
VisualStudioVersion = 17.14.36414.22 d17.14
MinimumVisualStudioVersion = 10.0.40219.1
Project("{FAE04EC0-301F-11D3-BF4B-00C04F79EFBC}") = "BlackJackMAUI", "BlackJackMAUI\BlackJackMAUI.csproj", "{E0887B6B-4801-41DA-BE2B-874E40924FD1}"
EndProject
Global
	GlobalSection(SolutionConfigurationPlatforms) = preSolution
		Debug|Any CPU = Debug|Any CPU
		Release|Any CPU = Release|Any CPU
	EndGlobalSection
	GlobalSection(ProjectConfigurationPlatforms) = postSolution
		{E0887B6B-4801-41DA-BE2B-874E40924FD1}.Debug|Any CPU.ActiveCfg = Debug|Any CPU
		{E0887B6B-4801-41DA-BE2B-874E40924FD1}.Debug|Any CPU.Build.0 = Debug|Any CPU
		{E0887B6B-4801-41DA-BE2B-874E40924FD1}.Release|Any CPU.ActiveCfg = Release|Any CPU
		{E0887B6B-4801-41DA-BE2B-874E40924FD1}.Release|Any CPU.Build.0 = Release|Any CPU
	EndGlobalSection
	GlobalSection(SolutionProperties) = preSolution
		HideSolutionNode = FALSE
	EndGlobalSection
	GlobalSection(ExtensibilityGlobals) = postSolution
		SolutionGuid = {7D0A7F2F-A09C-49A3-A3A8-BAEADA8E5DB0}
	EndGlobalSection
EndGlobal
